// !$*UTF8*$!
{
	archiveVersion = 1;
	classes = {
	};
	objectVersion = 55;
	objects = {

/* Begin PBXBuildFile section */
		1840412427DB2BF000C8EC03 /* AppTabView.swift in Sources */ = {isa = PBXBuildFile; fileRef = 1840412327DB2BF000C8EC03 /* AppTabView.swift */; };
		1840412627DB2C3400C8EC03 /* TimerView.swift in Sources */ = {isa = PBXBuildFile; fileRef = 1840412527DB2C3400C8EC03 /* TimerView.swift */; };
		1840412827DB2C6700C8EC03 /* StopWatchManager.swift in Sources */ = {isa = PBXBuildFile; fileRef = 1840412727DB2C6700C8EC03 /* StopWatchManager.swift */; };
		1840412A27DB2CA000C8EC03 /* WorkoutsView.swift in Sources */ = {isa = PBXBuildFile; fileRef = 1840412927DB2CA000C8EC03 /* WorkoutsView.swift */; };
		1840412C27DB2CD900C8EC03 /* Workout.swift in Sources */ = {isa = PBXBuildFile; fileRef = 1840412B27DB2CD900C8EC03 /* Workout.swift */; };
		18DA8C3F27D1F50200487E58 /* WorkoutApp.swift in Sources */ = {isa = PBXBuildFile; fileRef = 18DA8C3E27D1F50200487E58 /* WorkoutApp.swift */; };
		18DA8C4127D1F50200487E58 /* ContentView.swift in Sources */ = {isa = PBXBuildFile; fileRef = 18DA8C4027D1F50200487E58 /* ContentView.swift */; };
		18DA8C4627D1F50300487E58 /* 151913.png in Resources */ = {isa = PBXBuildFile; fileRef = 18DA8C4527D1F50300487E58 /* 151913.png */; };
		5FEFF51727D1FA220016F525 /* ProfileView.swift in Sources */ = {isa = PBXBuildFile; fileRef = 5FEFF51627D1FA220016F525 /* ProfileView.swift */; };
		5FEFF51927D1FC090016F525 /* User.swift in Sources */ = {isa = PBXBuildFile; fileRef = 5FEFF51827D1FC090016F525 /* User.swift */; };
		5FEFF51B27D1FDF80016F525 /* ProfileViewModel.swift in Sources */ = {isa = PBXBuildFile; fileRef = 5FEFF51A27D1FDF80016F525 /* ProfileViewModel.swift */; };
/* End PBXBuildFile section */

/* Begin PBXFileReference section */
		1840412327DB2BF000C8EC03 /* AppTabView.swift */ = {isa = PBXFileReference; lastKnownFileType = sourcecode.swift; path = AppTabView.swift; sourceTree = "<group>"; };
		1840412527DB2C3400C8EC03 /* TimerView.swift */ = {isa = PBXFileReference; lastKnownFileType = sourcecode.swift; path = TimerView.swift; sourceTree = "<group>"; };
		1840412727DB2C6700C8EC03 /* StopWatchManager.swift */ = {isa = PBXFileReference; lastKnownFileType = sourcecode.swift; path = StopWatchManager.swift; sourceTree = "<group>"; };
		1840412927DB2CA000C8EC03 /* WorkoutsView.swift */ = {isa = PBXFileReference; lastKnownFileType = sourcecode.swift; path = WorkoutsView.swift; sourceTree = "<group>"; };
		1840412B27DB2CD900C8EC03 /* Workout.swift */ = {isa = PBXFileReference; lastKnownFileType = sourcecode.swift; path = Workout.swift; sourceTree = "<group>"; };
		18DA8C3B27D1F50200487E58 /* Workout.app */ = {isa = PBXFileReference; explicitFileType = wrapper.application; includeInIndex = 0; path = Workout.app; sourceTree = BUILT_PRODUCTS_DIR; };
		18DA8C3E27D1F50200487E58 /* WorkoutApp.swift */ = {isa = PBXFileReference; lastKnownFileType = sourcecode.swift; path = WorkoutApp.swift; sourceTree = "<group>"; };
		18DA8C4027D1F50200487E58 /* ContentView.swift */ = {isa = PBXFileReference; lastKnownFileType = sourcecode.swift; path = ContentView.swift; sourceTree = "<group>"; };
		18DA8C4527D1F50300487E58 /* 151913.png */ = {isa = PBXFileReference; lastKnownFileType = image.png; name = 151913.png; path = /Users/aschlag2/Downloads/151913.png; sourceTree = "<absolute>"; };
		5FEFF51627D1FA220016F525 /* ProfileView.swift */ = {isa = PBXFileReference; lastKnownFileType = sourcecode.swift; path = ProfileView.swift; sourceTree = "<group>"; };
		5FEFF51827D1FC090016F525 /* User.swift */ = {isa = PBXFileReference; lastKnownFileType = sourcecode.swift; path = User.swift; sourceTree = "<group>"; };
		5FEFF51A27D1FDF80016F525 /* ProfileViewModel.swift */ = {isa = PBXFileReference; lastKnownFileType = sourcecode.swift; path = ProfileViewModel.swift; sourceTree = "<group>"; };
/* End PBXFileReference section */

/* Begin PBXFrameworksBuildPhase section */
		18DA8C3827D1F50200487E58 /* Frameworks */ = {
			isa = PBXFrameworksBuildPhase;
			buildActionMask = 2147483647;
			files = (
			);
			runOnlyForDeploymentPostprocessing = 0;
		};
/* End PBXFrameworksBuildPhase section */

/* Begin PBXGroup section */
		18DA8C3227D1F50200487E58 = {
			isa = PBXGroup;
			children = (
				18DA8C3D27D1F50200487E58 /* Workout */,
				18DA8C3C27D1F50200487E58 /* Products */,
			);
			sourceTree = "<group>";
		};
		18DA8C3C27D1F50200487E58 /* Products */ = {
			isa = PBXGroup;
			children = (
				18DA8C3B27D1F50200487E58 /* Workout.app */,
			);
			name = Products;
			sourceTree = "<group>";
		};
		18DA8C3D27D1F50200487E58 /* Workout */ = {
			isa = PBXGroup;
			children = (
				5FEFF51327D1F9180016F525 /* Model */,
				5FEFF51427D1F91F0016F525 /* ViewModel */,
				5FEFF51527D1F9260016F525 /* Views */,
				18DA8C3E27D1F50200487E58 /* WorkoutApp.swift */,
				1840412727DB2C6700C8EC03 /* StopWatchManager.swift */,
				18DA8C4427D1F50300487E58 /* Preview Content */,
			);
			path = Workout;
			sourceTree = "<group>";
		};
		18DA8C4427D1F50300487E58 /* Preview Content */ = {
			isa = PBXGroup;
			children = (
				18DA8C4527D1F50300487E58 /* 151913.png */,
			);
			path = "Preview Content";
			sourceTree = "<group>";
		};
		5FEFF51327D1F9180016F525 /* Model */ = {
			isa = PBXGroup;
			children = (
				5FEFF51827D1FC090016F525 /* User.swift */,
				1840412B27DB2CD900C8EC03 /* Workout.swift */,
			);
			path = Model;
			sourceTree = "<group>";
		};
		5FEFF51427D1F91F0016F525 /* ViewModel */ = {
			isa = PBXGroup;
			children = (
				5FEFF51A27D1FDF80016F525 /* ProfileViewModel.swift */,
			);
			path = ViewModel;
			sourceTree = "<group>";
		};
		5FEFF51527D1F9260016F525 /* Views */ = {
			isa = PBXGroup;
			children = (
				18DA8C4027D1F50200487E58 /* ContentView.swift */,
				5FEFF51627D1FA220016F525 /* ProfileView.swift */,
				1840412327DB2BF000C8EC03 /* AppTabView.swift */,
				1840412527DB2C3400C8EC03 /* TimerView.swift */,
				1840412927DB2CA000C8EC03 /* WorkoutsView.swift */,
			);
			path = Views;
			sourceTree = "<group>";
		};
/* End PBXGroup section */

/* Begin PBXNativeTarget section */
		18DA8C3A27D1F50200487E58 /* Workout */ = {
			isa = PBXNativeTarget;
			buildConfigurationList = 18DA8C4927D1F50300487E58 /* Build configuration list for PBXNativeTarget "Workout" */;
			buildPhases = (
				18DA8C3727D1F50200487E58 /* Sources */,
				18DA8C3827D1F50200487E58 /* Frameworks */,
				18DA8C3927D1F50200487E58 /* Resources */,
			);
			buildRules = (
			);
			dependencies = (
			);
			name = Workout;
			productName = Workout;
			productReference = 18DA8C3B27D1F50200487E58 /* Workout.app */;
			productType = "com.apple.product-type.application";
		};
/* End PBXNativeTarget section */

/* Begin PBXProject section */
		18DA8C3327D1F50200487E58 /* Project object */ = {
			isa = PBXProject;
			attributes = {
				BuildIndependentTargetsInParallel = 1;
				LastSwiftUpdateCheck = 1310;
				LastUpgradeCheck = 1310;
				TargetAttributes = {
					18DA8C3A27D1F50200487E58 = {
						CreatedOnToolsVersion = 13.1;
					};
				};
			};
			buildConfigurationList = 18DA8C3627D1F50200487E58 /* Build configuration list for PBXProject "Workout" */;
			compatibilityVersion = "Xcode 13.0";
			developmentRegion = en;
			hasScannedForEncodings = 0;
			knownRegions = (
				en,
				Base,
			);
			mainGroup = 18DA8C3227D1F50200487E58;
			productRefGroup = 18DA8C3C27D1F50200487E58 /* Products */;
			projectDirPath = "";
			projectRoot = "";
			targets = (
				18DA8C3A27D1F50200487E58 /* Workout */,
			);
		};
/* End PBXProject section */

/* Begin PBXResourcesBuildPhase section */
		18DA8C3927D1F50200487E58 /* Resources */ = {
			isa = PBXResourcesBuildPhase;
			buildActionMask = 2147483647;
			files = (
				18DA8C4627D1F50300487E58 /* 151913.png in Resources */,
			);
			runOnlyForDeploymentPostprocessing = 0;
		};
/* End PBXResourcesBuildPhase section */

/* Begin PBXSourcesBuildPhase section */
		18DA8C3727D1F50200487E58 /* Sources */ = {
			isa = PBXSourcesBuildPhase;
			buildActionMask = 2147483647;
			files = (
				1840412627DB2C3400C8EC03 /* TimerView.swift in Sources */,
				1840412827DB2C6700C8EC03 /* StopWatchManager.swift in Sources */,
				1840412A27DB2CA000C8EC03 /* WorkoutsView.swift in Sources */,
				1840412C27DB2CD900C8EC03 /* Workout.swift in Sources */,
				1840412427DB2BF000C8EC03 /* AppTabView.swift in Sources */,
				18DA8C4127D1F50200487E58 /* ContentView.swift in Sources */,
				18DA8C3F27D1F50200487E58 /* WorkoutApp.swift in Sources */,
				5FEFF51727D1FA220016F525 /* ProfileView.swift in Sources */,
				5FEFF51927D1FC090016F525 /* User.swift in Sources */,
				5FEFF51B27D1FDF80016F525 /* ProfileViewModel.swift in Sources */,
			);
			runOnlyForDeploymentPostprocessing = 0;
		};
/* End PBXSourcesBuildPhase section */

/* Begin XCBuildConfiguration section */
		18DA8C4727D1F50300487E58 /* Debug */ = {
			isa = XCBuildConfiguration;
			buildSettings = {
				ALWAYS_SEARCH_USER_PATHS = NO;
				CLANG_ANALYZER_NONNULL = YES;
				CLANG_ANALYZER_NUMBER_OBJECT_CONVERSION = YES_AGGRESSIVE;
				CLANG_CXX_LANGUAGE_STANDARD = "gnu++17";
				CLANG_CXX_LIBRARY = "libc++";
				CLANG_ENABLE_MODULES = YES;
				CLANG_ENABLE_OBJC_ARC = YES;
				CLANG_ENABLE_OBJC_WEAK = YES;
				CLANG_WARN_BLOCK_CAPTURE_AUTORELEASING = YES;
				CLANG_WARN_BOOL_CONVERSION = YES;
				CLANG_WARN_COMMA = YES;
				CLANG_WARN_CONSTANT_CONVERSION = YES;
				CLANG_WARN_DEPRECATED_OBJC_IMPLEMENTATIONS = YES;
				CLANG_WARN_DIRECT_OBJC_ISA_USAGE = YES_ERROR;
				CLANG_WARN_DOCUMENTATION_COMMENTS = YES;
				CLANG_WARN_EMPTY_BODY = YES;
				CLANG_WARN_ENUM_CONVERSION = YES;
				CLANG_WARN_INFINITE_RECURSION = YES;
				CLANG_WARN_INT_CONVERSION = YES;
				CLANG_WARN_NON_LITERAL_NULL_CONVERSION = YES;
				CLANG_WARN_OBJC_IMPLICIT_RETAIN_SELF = YES;
				CLANG_WARN_OBJC_LITERAL_CONVERSION = YES;
				CLANG_WARN_OBJC_ROOT_CLASS = YES_ERROR;
				CLANG_WARN_QUOTED_INCLUDE_IN_FRAMEWORK_HEADER = YES;
				CLANG_WARN_RANGE_LOOP_ANALYSIS = YES;
				CLANG_WARN_STRICT_PROTOTYPES = YES;
				CLANG_WARN_SUSPICIOUS_MOVE = YES;
				CLANG_WARN_UNGUARDED_AVAILABILITY = YES_AGGRESSIVE;
				CLANG_WARN_UNREACHABLE_CODE = YES;
				CLANG_WARN__DUPLICATE_METHOD_MATCH = YES;
				COPY_PHASE_STRIP = NO;
				DEBUG_INFORMATION_FORMAT = dwarf;
				ENABLE_STRICT_OBJC_MSGSEND = YES;
				ENABLE_TESTABILITY = YES;
				GCC_C_LANGUAGE_STANDARD = gnu11;
				GCC_DYNAMIC_NO_PIC = NO;
				GCC_NO_COMMON_BLOCKS = YES;
				GCC_OPTIMIZATION_LEVEL = 0;
				GCC_PREPROCESSOR_DEFINITIONS = (
					"DEBUG=1",
					"$(inherited)",
				);
				GCC_WARN_64_TO_32_BIT_CONVERSION = YES;
				GCC_WARN_ABOUT_RETURN_TYPE = YES_ERROR;
				GCC_WARN_UNDECLARED_SELECTOR = YES;
				GCC_WARN_UNINITIALIZED_AUTOS = YES_AGGRESSIVE;
				GCC_WARN_UNUSED_FUNCTION = YES;
				GCC_WARN_UNUSED_VARIABLE = YES;
				IPHONEOS_DEPLOYMENT_TARGET = 15.0;
				MTL_ENABLE_DEBUG_INFO = INCLUDE_SOURCE;
				MTL_FAST_MATH = YES;
				ONLY_ACTIVE_ARCH = YES;
				SDKROOT = iphoneos;
				SWIFT_ACTIVE_COMPILATION_CONDITIONS = DEBUG;
				SWIFT_OPTIMIZATION_LEVEL = "-Onone";
			};
			name = Debug;
		};
		18DA8C4827D1F50300487E58 /* Release */ = {
			isa = XCBuildConfiguration;
			buildSettings = {
				ALWAYS_SEARCH_USER_PATHS = NO;
				CLANG_ANALYZER_NONNULL = YES;
				CLANG_ANALYZER_NUMBER_OBJECT_CONVERSION = YES_AGGRESSIVE;
				CLANG_CXX_LANGUAGE_STANDARD = "gnu++17";
				CLANG_CXX_LIBRARY = "libc++";
				CLANG_ENABLE_MODULES = YES;
				CLANG_ENABLE_OBJC_ARC = YES;
				CLANG_ENABLE_OBJC_WEAK = YES;
				CLANG_WARN_BLOCK_CAPTURE_AUTORELEASING = YES;
				CLANG_WARN_BOOL_CONVERSION = YES;
				CLANG_WARN_COMMA = YES;
				CLANG_WARN_CONSTANT_CONVERSION = YES;
				CLANG_WARN_DEPRECATED_OBJC_IMPLEMENTATIONS = YES;
				CLANG_WARN_DIRECT_OBJC_ISA_USAGE = YES_ERROR;
				CLANG_WARN_DOCUMENTATION_COMMENTS = YES;
				CLANG_WARN_EMPTY_BODY = YES;
				CLANG_WARN_ENUM_CONVERSION = YES;
				CLANG_WARN_INFINITE_RECURSION = YES;
				CLANG_WARN_INT_CONVERSION = YES;
				CLANG_WARN_NON_LITERAL_NULL_CONVERSION = YES;
				CLANG_WARN_OBJC_IMPLICIT_RETAIN_SELF = YES;
				CLANG_WARN_OBJC_LITERAL_CONVERSION = YES;
				CLANG_WARN_OBJC_ROOT_CLASS = YES_ERROR;
				CLANG_WARN_QUOTED_INCLUDE_IN_FRAMEWORK_HEADER = YES;
				CLANG_WARN_RANGE_LOOP_ANALYSIS = YES;
				CLANG_WARN_STRICT_PROTOTYPES = YES;
				CLANG_WARN_SUSPICIOUS_MOVE = YES;
				CLANG_WARN_UNGUARDED_AVAILABILITY = YES_AGGRESSIVE;
				CLANG_WARN_UNREACHABLE_CODE = YES;
				CLANG_WARN__DUPLICATE_METHOD_MATCH = YES;
				COPY_PHASE_STRIP = NO;
				DEBUG_INFORMATION_FORMAT = "dwarf-with-dsym";
				ENABLE_NS_ASSERTIONS = NO;
				ENABLE_STRICT_OBJC_MSGSEND = YES;
				GCC_C_LANGUAGE_STANDARD = gnu11;
				GCC_NO_COMMON_BLOCKS = YES;
				GCC_WARN_64_TO_32_BIT_CONVERSION = YES;
				GCC_WARN_ABOUT_RETURN_TYPE = YES_ERROR;
				GCC_WARN_UNDECLARED_SELECTOR = YES;
				GCC_WARN_UNINITIALIZED_AUTOS = YES_AGGRESSIVE;
				GCC_WARN_UNUSED_FUNCTION = YES;
				GCC_WARN_UNUSED_VARIABLE = YES;
				IPHONEOS_DEPLOYMENT_TARGET = 15.0;
				MTL_ENABLE_DEBUG_INFO = NO;
				MTL_FAST_MATH = YES;
				SDKROOT = iphoneos;
				SWIFT_COMPILATION_MODE = wholemodule;
				SWIFT_OPTIMIZATION_LEVEL = "-O";
				VALIDATE_PRODUCT = YES;
			};
			name = Release;
		};
		18DA8C4A27D1F50300487E58 /* Debug */ = {
			isa = XCBuildConfiguration;
			buildSettings = {
				ASSETCATALOG_COMPILER_APPICON_NAME = AppIcon;
				ASSETCATALOG_COMPILER_GLOBAL_ACCENT_COLOR_NAME = AccentColor;
				CODE_SIGN_STYLE = Automatic;
				CURRENT_PROJECT_VERSION = 1;
				DEVELOPMENT_ASSET_PATHS = "\"Workout/Preview Content\"";
				ENABLE_PREVIEWS = YES;
				GENERATE_INFOPLIST_FILE = YES;
				INFOPLIST_KEY_UIApplicationSceneManifest_Generation = YES;
				INFOPLIST_KEY_UIApplicationSupportsIndirectInputEvents = YES;
				INFOPLIST_KEY_UILaunchScreen_Generation = YES;
				INFOPLIST_KEY_UISupportedInterfaceOrientations_iPad = "UIInterfaceOrientationPortrait UIInterfaceOrientationPortraitUpsideDown UIInterfaceOrientationLandscapeLeft UIInterfaceOrientationLandscapeRight";
				INFOPLIST_KEY_UISupportedInterfaceOrientations_iPhone = "UIInterfaceOrientationPortrait UIInterfaceOrientationLandscapeLeft UIInterfaceOrientationLandscapeRight";
				LD_RUNPATH_SEARCH_PATHS = (
					"$(inherited)",
					"@executable_path/Frameworks",
				);
				MARKETING_VERSION = 1.0;
				PRODUCT_BUNDLE_IDENTIFIER = "fr-univ.schlageter.Workout";
				PRODUCT_NAME = "$(TARGET_NAME)";
				SWIFT_EMIT_LOC_STRINGS = YES;
				SWIFT_VERSION = 5.0;
				TARGETED_DEVICE_FAMILY = "1,2";
			};
			name = Debug;
		};
		18DA8C4B27D1F50300487E58 /* Release */ = {
			isa = XCBuildConfiguration;
			buildSettings = {
				ASSETCATALOG_COMPILER_APPICON_NAME = AppIcon;
				ASSETCATALOG_COMPILER_GLOBAL_ACCENT_COLOR_NAME = AccentColor;
				CODE_SIGN_STYLE = Automatic;
				CURRENT_PROJECT_VERSION = 1;
				DEVELOPMENT_ASSET_PATHS = "\"Workout/Preview Content\"";
				ENABLE_PREVIEWS = YES;
				GENERATE_INFOPLIST_FILE = YES;
				INFOPLIST_KEY_UIApplicationSceneManifest_Generation = YES;
				INFOPLIST_KEY_UIApplicationSupportsIndirectInputEvents = YES;
				INFOPLIST_KEY_UILaunchScreen_Generation = YES;
				INFOPLIST_KEY_UISupportedInterfaceOrientations_iPad = "UIInterfaceOrientationPortrait UIInterfaceOrientationPortraitUpsideDown UIInterfaceOrientationLandscapeLeft UIInterfaceOrientationLandscapeRight";
				INFOPLIST_KEY_UISupportedInterfaceOrientations_iPhone = "UIInterfaceOrientationPortrait UIInterfaceOrientationLandscapeLeft UIInterfaceOrientationLandscapeRight";
				LD_RUNPATH_SEARCH_PATHS = (
					"$(inherited)",
					"@executable_path/Frameworks",
				);
				MARKETING_VERSION = 1.0;
				PRODUCT_BUNDLE_IDENTIFIER = "fr-univ.schlageter.Workout";
				PRODUCT_NAME = "$(TARGET_NAME)";
				SWIFT_EMIT_LOC_STRINGS = YES;
				SWIFT_VERSION = 5.0;
				TARGETED_DEVICE_FAMILY = "1,2";
			};
			name = Release;
		};
/* End XCBuildConfiguration section */

/* Begin XCConfigurationList section */
		18DA8C3627D1F50200487E58 /* Build configuration list for PBXProject "Workout" */ = {
			isa = XCConfigurationList;
			buildConfigurations = (
				18DA8C4727D1F50300487E58 /* Debug */,
				18DA8C4827D1F50300487E58 /* Release */,
			);
			defaultConfigurationIsVisible = 0;
			defaultConfigurationName = Release;
		};
		18DA8C4927D1F50300487E58 /* Build configuration list for PBXNativeTarget "Workout" */ = {
			isa = XCConfigurationList;
			buildConfigurations = (
				18DA8C4A27D1F50300487E58 /* Debug */,
				18DA8C4B27D1F50300487E58 /* Release */,
			);
			defaultConfigurationIsVisible = 0;
			defaultConfigurationName = Release;
		};
/* End XCConfigurationList section */
	};
	rootObject = 18DA8C3327D1F50200487E58 /* Project object */;
}
